
Microsoft Visual Studio Solution File, Format Version 12.00
# Visual Studio Version 17
VisualStudioVersion = 17.9.34728.123
MinimumVisualStudioVersion = 10.0.40219.1
Project("{9A19103F-16F7-4668-BE54-9A1E7A4F7556}") = "NUS Orbital", "NUS Orbital\NUS Orbital.csproj", "{3982CC6B-CB48-4760-BBDA-5DBD46FD74B1}"
EndProject
Global
	GlobalSection(SolutionConfigurationPlatforms) = preSolution
		Debug|Any CPU = Debug|Any CPU
		Release|Any CPU = Release|Any CPU
	EndGlobalSection
	GlobalSection(ProjectConfigurationPlatforms) = postSolution
		{3982CC6B-CB48-4760-BBDA-5DBD46FD74B1}.Debug|Any CPU.ActiveCfg = Debug|Any CPU
		{3982CC6B-CB48-4760-BBDA-5DBD46FD74B1}.Debug|Any CPU.Build.0 = Debug|Any CPU
		{3982CC6B-CB48-4760-BBDA-5DBD46FD74B1}.Release|Any CPU.ActiveCfg = Release|Any CPU
		{3982CC6B-CB48-4760-BBDA-5DBD46FD74B1}.Release|Any CPU.Build.0 = Release|Any CPU
	EndGlobalSection
	GlobalSection(SolutionProperties) = preSolution
		HideSolutionNode = FALSE
	EndGlobalSection
	GlobalSection(ExtensibilityGlobals) = postSolution
		SolutionGuid = {F5B57BB8-0399-4BE1-9399-266C2F94AE42}
	EndGlobalSection
EndGlobal
